
Microsoft Visual Studio Solution File, Format Version 12.00
# Visual Studio Version 17
VisualStudioVersion = 17.10.35201.131
MinimumVisualStudioVersion = 10.0.40219.1
Project("{9A19103F-16F7-4668-BE54-9A1E7A4F7556}") = "Baitapvenha", "Baitap02\Baitapvenha.csproj", "{E714EC4C-DA08-4E95-AA9B-E0959EF81D7D}"
EndProject
Global
	GlobalSection(SolutionConfigurationPlatforms) = preSolution
		Debug|Any CPU = Debug|Any CPU
		Release|Any CPU = Release|Any CPU
	EndGlobalSection
	GlobalSection(ProjectConfigurationPlatforms) = postSolution
		{E714EC4C-DA08-4E95-AA9B-E0959EF81D7D}.Debug|Any CPU.ActiveCfg = Debug|Any CPU
		{E714EC4C-DA08-4E95-AA9B-E0959EF81D7D}.Debug|Any CPU.Build.0 = Debug|Any CPU
		{E714EC4C-DA08-4E95-AA9B-E0959EF81D7D}.Release|Any CPU.ActiveCfg = Release|Any CPU
		{E714EC4C-DA08-4E95-AA9B-E0959EF81D7D}.Release|Any CPU.Build.0 = Release|Any CPU
	EndGlobalSection
	GlobalSection(SolutionProperties) = preSolution
		HideSolutionNode = FALSE
	EndGlobalSection
	GlobalSection(ExtensibilityGlobals) = postSolution
		SolutionGuid = {25F85FE7-7775-4D9C-A13F-0BE1812A575B}
	EndGlobalSection
EndGlobal
